{
  "version": 4,
  "terraform_version": "0.14.8",
  "serial": 38,
  "lineage": "011a4271-8751-244e-5097-328b8ddcdf69",
  "outputs": {},
  "resources": [
    {
      "mode": "managed",
      "type": "aws_internet_gateway",
      "name": "igw",
      "provider": "provider[\"registry.terraform.io/hashicorp/aws\"]",
      "instances": [
        {
          "schema_version": 0,
          "attributes": {
            "arn": "arn:aws:ec2:ap-southeast-1:863848897811:internet-gateway/igw-085f6301414693ca5",
            "id": "igw-085f6301414693ca5",
            "owner_id": "863848897811",
            "tags": {
              "Managed_by": "Terraform",
              "Name": "IGW for Terraform VPC"
            },
            "tags_all": {
              "Managed_by": "Terraform",
              "Name": "IGW for Terraform VPC"
            },
            "vpc_id": "vpc-038ef8eeb53bea0e2"
          },
          "sensitive_attributes": [],
          "private": "bnVsbA==",
          "dependencies": [
            "aws_vpc.myvpc"
          ]
        }
      ]
    },
    {
      "mode": "managed",
      "type": "aws_main_route_table_association",
      "name": "mainroute",
      "provider": "provider[\"registry.terraform.io/hashicorp/aws\"]",
      "instances": [
        {
          "schema_version": 0,
          "attributes": {
            "id": "rtbassoc-049e718547217b863",
            "original_route_table_id": "rtb-008c979da960fd3ee",
            "route_table_id": "rtb-0d3d3e90004a3a224",
            "vpc_id": "vpc-038ef8eeb53bea0e2"
          },
          "sensitive_attributes": [],
          "private": "bnVsbA==",
          "dependencies": [
            "aws_internet_gateway.igw",
            "aws_route_table.routetable",
            "aws_vpc.myvpc"
          ]
        }
      ]
    },
    {
      "mode": "managed",
      "type": "aws_route_table",
      "name": "routetable",
      "provider": "provider[\"registry.terraform.io/hashicorp/aws\"]",
      "instances": [
        {
          "schema_version": 0,
          "attributes": {
            "arn": "arn:aws:ec2:ap-southeast-1:863848897811:route-table/rtb-0d3d3e90004a3a224",
            "id": "rtb-0d3d3e90004a3a224",
            "owner_id": "863848897811",
            "propagating_vgws": [],
            "route": [
              {
                "carrier_gateway_id": "",
                "cidr_block": "0.0.0.0/0",
                "destination_prefix_list_id": "",
                "egress_only_gateway_id": "",
                "gateway_id": "igw-085f6301414693ca5",
                "instance_id": "",
                "ipv6_cidr_block": "",
                "local_gateway_id": "",
                "nat_gateway_id": "",
                "network_interface_id": "",
                "transit_gateway_id": "",
                "vpc_endpoint_id": "",
                "vpc_peering_connection_id": ""
              }
            ],
            "tags": {
              "Managed_by": "Terraform",
              "Name": "public route table"
            },
            "tags_all": {
              "Managed_by": "Terraform",
              "Name": "public route table"
            },
            "vpc_id": "vpc-038ef8eeb53bea0e2"
          },
          "sensitive_attributes": [],
          "private": "bnVsbA==",
          "dependencies": [
            "aws_internet_gateway.igw",
            "aws_vpc.myvpc"
          ]
        }
      ]
    },
    {
      "mode": "managed",
      "type": "aws_subnet",
      "name": "pubsubnet",
      "provider": "provider[\"registry.terraform.io/hashicorp/aws\"]",
      "instances": [
        {
          "index_key": 0,
          "schema_version": 1,
          "attributes": {
            "arn": "arn:aws:ec2:ap-southeast-1:863848897811:subnet/subnet-0686502c9f24d2742",
            "assign_ipv6_address_on_creation": false,
            "availability_zone": "ap-southeast-1a",
            "availability_zone_id": "apse1-az1",
            "cidr_block": "10.120.10.0/24",
            "customer_owned_ipv4_pool": "",
            "id": "subnet-0686502c9f24d2742",
            "ipv6_cidr_block": "",
            "ipv6_cidr_block_association_id": "",
            "map_customer_owned_ip_on_launch": false,
            "map_public_ip_on_launch": true,
            "outpost_arn": "",
            "owner_id": "863848897811",
            "tags": {
              "Managed_by": "Terraform",
              "Name": "Terraform",
              "VPC_Name": "Test",
              "az": "ap-southeast-1a"
            },
            "tags_all": {
              "Managed_by": "Terraform",
              "Name": "Terraform",
              "VPC_Name": "Test",
              "az": "ap-southeast-1a"
            },
            "timeouts": null,
            "vpc_id": "vpc-038ef8eeb53bea0e2"
          },
          "sensitive_attributes": [],
          "private": "eyJlMmJmYjczMC1lY2FhLTExZTYtOGY4OC0zNDM2M2JjN2M0YzAiOnsiY3JlYXRlIjo2MDAwMDAwMDAwMDAsImRlbGV0ZSI6MTIwMDAwMDAwMDAwMH0sInNjaGVtYV92ZXJzaW9uIjoiMSJ9",
          "dependencies": [
            "aws_vpc.myvpc"
          ]
        },
        {
          "index_key": 1,
          "schema_version": 1,
          "attributes": {
            "arn": "arn:aws:ec2:ap-southeast-1:863848897811:subnet/subnet-092c2f1c05d2bc4da",
            "assign_ipv6_address_on_creation": false,
            "availability_zone": "ap-southeast-1b",
            "availability_zone_id": "apse1-az2",
            "cidr_block": "10.120.15.0/24",
            "customer_owned_ipv4_pool": "",
            "id": "subnet-092c2f1c05d2bc4da",
            "ipv6_cidr_block": "",
            "ipv6_cidr_block_association_id": "",
            "map_customer_owned_ip_on_launch": false,
            "map_public_ip_on_launch": true,
            "outpost_arn": "",
            "owner_id": "863848897811",
            "tags": {
              "Managed_by": "Terraform",
              "Name": "Terraform",
              "VPC_Name": "Test",
              "az": "ap-southeast-1b"
            },
            "tags_all": {
              "Managed_by": "Terraform",
              "Name": "Terraform",
              "VPC_Name": "Test",
              "az": "ap-southeast-1b"
            },
            "timeouts": null,
            "vpc_id": "vpc-038ef8eeb53bea0e2"
          },
          "sensitive_attributes": [],
          "private": "eyJlMmJmYjczMC1lY2FhLTExZTYtOGY4OC0zNDM2M2JjN2M0YzAiOnsiY3JlYXRlIjo2MDAwMDAwMDAwMDAsImRlbGV0ZSI6MTIwMDAwMDAwMDAwMH0sInNjaGVtYV92ZXJzaW9uIjoiMSJ9",
          "dependencies": [
            "aws_vpc.myvpc"
          ]
        },
        {
          "index_key": 2,
          "schema_version": 1,
          "attributes": {
            "arn": "arn:aws:ec2:ap-southeast-1:863848897811:subnet/subnet-0cc28632d2340dfcc",
            "assign_ipv6_address_on_creation": false,
            "availability_zone": "ap-southeast-1c",
            "availability_zone_id": "apse1-az3",
            "cidr_block": "10.120.20.0/24",
            "customer_owned_ipv4_pool": "",
            "id": "subnet-0cc28632d2340dfcc",
            "ipv6_cidr_block": "",
            "ipv6_cidr_block_association_id": "",
            "map_customer_owned_ip_on_launch": false,
            "map_public_ip_on_launch": true,
            "outpost_arn": "",
            "owner_id": "863848897811",
            "tags": {
              "Managed_by": "Terraform",
              "Name": "Terraform",
              "VPC_Name": "Test",
              "az": "ap-southeast-1c"
            },
            "tags_all": {
              "Managed_by": "Terraform",
              "Name": "Terraform",
              "VPC_Name": "Test",
              "az": "ap-southeast-1c"
            },
            "timeouts": null,
            "vpc_id": "vpc-038ef8eeb53bea0e2"
          },
          "sensitive_attributes": [],
          "private": "eyJlMmJmYjczMC1lY2FhLTExZTYtOGY4OC0zNDM2M2JjN2M0YzAiOnsiY3JlYXRlIjo2MDAwMDAwMDAwMDAsImRlbGV0ZSI6MTIwMDAwMDAwMDAwMH0sInNjaGVtYV92ZXJzaW9uIjoiMSJ9",
          "dependencies": [
            "aws_vpc.myvpc"
          ]
        }
      ]
    },
    {
      "mode": "managed",
      "type": "aws_vpc",
      "name": "myvpc",
      "provider": "provider[\"registry.terraform.io/hashicorp/aws\"]",
      "instances": [
        {
          "schema_version": 1,
          "attributes": {
            "arn": "arn:aws:ec2:ap-southeast-1:863848897811:vpc/vpc-038ef8eeb53bea0e2",
            "assign_generated_ipv6_cidr_block": false,
            "cidr_block": "10.120.0.0/16",
            "default_network_acl_id": "acl-01674de53e735bad6",
            "default_route_table_id": "rtb-0d3d3e90004a3a224",
            "default_security_group_id": "sg-07ec1077c7dbaa040",
            "dhcp_options_id": "dopt-f5619d93",
            "enable_classiclink": false,
            "enable_classiclink_dns_support": false,
            "enable_dns_hostnames": true,
            "enable_dns_support": true,
            "id": "vpc-038ef8eeb53bea0e2",
            "instance_tenancy": "default",
            "ipv6_association_id": "",
            "ipv6_cidr_block": "",
            "main_route_table_id": "rtb-0d3d3e90004a3a224",
            "owner_id": "863848897811",
            "tags": {
              "Environment": "Test",
              "Managed_by": "Terraform",
              "Name": "Terraform"
            },
            "tags_all": {
              "Environment": "Test",
              "Managed_by": "Terraform",
              "Name": "Terraform"
            }
          },
          "sensitive_attributes": [],
          "private": "eyJzY2hlbWFfdmVyc2lvbiI6IjEifQ=="
        }
      ]
    }
  ]
}
